
Microsoft Visual Studio Solution File, Format Version 12.00
# Visual Studio 15
VisualStudioVersion = 15.0.28307.271
MinimumVisualStudioVersion = 10.0.40219.1
Project("{FAE04EC0-301F-11D3-BF4B-00C04F79EFBC}") = "HELPERS", "HELPERS\HELPERS.csproj", "{AFB79A3E-F97C-4E3B-83BC-29D1A5D50A15}"
EndProject
Global
	GlobalSection(SolutionConfigurationPlatforms) = preSolution
		Debug|Any CPU = Debug|Any CPU
		Release|Any CPU = Release|Any CPU
	EndGlobalSection
	GlobalSection(ProjectConfigurationPlatforms) = postSolution
		{AFB79A3E-F97C-4E3B-83BC-29D1A5D50A15}.Debug|Any CPU.ActiveCfg = Debug|Any CPU
		{AFB79A3E-F97C-4E3B-83BC-29D1A5D50A15}.Debug|Any CPU.Build.0 = Debug|Any CPU
		{AFB79A3E-F97C-4E3B-83BC-29D1A5D50A15}.Release|Any CPU.ActiveCfg = Release|Any CPU
		{AFB79A3E-F97C-4E3B-83BC-29D1A5D50A15}.Release|Any CPU.Build.0 = Release|Any CPU
	EndGlobalSection
	GlobalSection(SolutionProperties) = preSolution
		HideSolutionNode = FALSE
	EndGlobalSection
	GlobalSection(ExtensibilityGlobals) = postSolution
		SolutionGuid = {72E0D9FF-080E-48D1-887E-1721ABA1EE25}
	EndGlobalSection
EndGlobal
